
Microsoft Visual Studio Solution File, Format Version 12.00
# Visual Studio 2013
VisualStudioVersion = 12.0.21005.1
MinimumVisualStudioVersion = 10.0.40219.1
Project("{F088123C-0E9E-452A-89E6-6BA2F21D5CAC}") = "TravelJournal.Modeling", "TravelJournal.Modeling\TravelJournal.Modeling.modelproj", "{3B178814-A1E1-4142-A939-D83AAA78B976}"
EndProject
Project("{FAE04EC0-301F-11D3-BF4B-00C04F79EFBC}") = "TravelJournal.PCL", "TravelJournal.PCL\TravelJournal.PCL.csproj", "{E4983917-E55A-483D-A755-55613EE66478}"
EndProject
Project("{FAE04EC0-301F-11D3-BF4B-00C04F79EFBC}") = "TravelJournal.WP8", "TravelJournal.WP8\TravelJournal.WP8.csproj", "{B192CFBB-D314-4009-9921-70D3D71523AF}"
EndProject
Project("{FAE04EC0-301F-11D3-BF4B-00C04F79EFBC}") = "TravelJournal.PCL.ViewModel", "TravelJournal.PCL.ViewModel\TravelJournal.PCL.ViewModel.csproj", "{575C0D1E-8C42-4425-BDAE-CDADB8881428}"
EndProject
Project("{FAE04EC0-301F-11D3-BF4B-00C04F79EFBC}") = "TravelJournal.WP8.UnitTest", "TravelJournal.WP8.UnitTest\TravelJournal.WP8.UnitTest.csproj", "{6F451302-A5F6-4D2D-B744-442D4AD41E7B}"
EndProject
Project("{FAE04EC0-301F-11D3-BF4B-00C04F79EFBC}") = "TravelJournal.WP8.UI", "TravelJournal.WP8.UI\TravelJournal.WP8.UI.csproj", "{A79176F5-8CAA-4137-94AC-FEA336E76C31}"
EndProject
Global
	GlobalSection(SolutionConfigurationPlatforms) = preSolution
		Debug|Any CPU = Debug|Any CPU
		Debug|ARM = Debug|ARM
		Debug|Mixed Platforms = Debug|Mixed Platforms
		Debug|x86 = Debug|x86
		Release|Any CPU = Release|Any CPU
		Release|ARM = Release|ARM
		Release|Mixed Platforms = Release|Mixed Platforms
		Release|x86 = Release|x86
	EndGlobalSection
	GlobalSection(ProjectConfigurationPlatforms) = postSolution
		{3B178814-A1E1-4142-A939-D83AAA78B976}.Debug|Any CPU.ActiveCfg = Debug|Any CPU
		{3B178814-A1E1-4142-A939-D83AAA78B976}.Debug|Any CPU.Build.0 = Debug|Any CPU
		{3B178814-A1E1-4142-A939-D83AAA78B976}.Debug|ARM.ActiveCfg = Debug|Any CPU
		{3B178814-A1E1-4142-A939-D83AAA78B976}.Debug|Mixed Platforms.ActiveCfg = Debug|Any CPU
		{3B178814-A1E1-4142-A939-D83AAA78B976}.Debug|Mixed Platforms.Build.0 = Debug|Any CPU
		{3B178814-A1E1-4142-A939-D83AAA78B976}.Debug|x86.ActiveCfg = Debug|Any CPU
		{3B178814-A1E1-4142-A939-D83AAA78B976}.Release|Any CPU.ActiveCfg = Release|Any CPU
		{3B178814-A1E1-4142-A939-D83AAA78B976}.Release|Any CPU.Build.0 = Release|Any CPU
		{3B178814-A1E1-4142-A939-D83AAA78B976}.Release|ARM.ActiveCfg = Release|Any CPU
		{3B178814-A1E1-4142-A939-D83AAA78B976}.Release|Mixed Platforms.ActiveCfg = Release|Any CPU
		{3B178814-A1E1-4142-A939-D83AAA78B976}.Release|Mixed Platforms.Build.0 = Release|Any CPU
		{3B178814-A1E1-4142-A939-D83AAA78B976}.Release|x86.ActiveCfg = Release|Any CPU
		{E4983917-E55A-483D-A755-55613EE66478}.Debug|Any CPU.ActiveCfg = Debug|Any CPU
		{E4983917-E55A-483D-A755-55613EE66478}.Debug|Any CPU.Build.0 = Debug|Any CPU
		{E4983917-E55A-483D-A755-55613EE66478}.Debug|ARM.ActiveCfg = Debug|Any CPU
		{E4983917-E55A-483D-A755-55613EE66478}.Debug|Mixed Platforms.ActiveCfg = Debug|Any CPU
		{E4983917-E55A-483D-A755-55613EE66478}.Debug|Mixed Platforms.Build.0 = Debug|Any CPU
		{E4983917-E55A-483D-A755-55613EE66478}.Debug|x86.ActiveCfg = Debug|Any CPU
		{E4983917-E55A-483D-A755-55613EE66478}.Release|Any CPU.ActiveCfg = Release|Any CPU
		{E4983917-E55A-483D-A755-55613EE66478}.Release|Any CPU.Build.0 = Release|Any CPU
		{E4983917-E55A-483D-A755-55613EE66478}.Release|ARM.ActiveCfg = Release|Any CPU
		{E4983917-E55A-483D-A755-55613EE66478}.Release|Mixed Platforms.ActiveCfg = Release|Any CPU
		{E4983917-E55A-483D-A755-55613EE66478}.Release|Mixed Platforms.Build.0 = Release|Any CPU
		{E4983917-E55A-483D-A755-55613EE66478}.Release|x86.ActiveCfg = Release|Any CPU
		{B192CFBB-D314-4009-9921-70D3D71523AF}.Debug|Any CPU.ActiveCfg = Debug|Any CPU
		{B192CFBB-D314-4009-9921-70D3D71523AF}.Debug|Any CPU.Build.0 = Debug|Any CPU
		{B192CFBB-D314-4009-9921-70D3D71523AF}.Debug|ARM.ActiveCfg = Debug|ARM
		{B192CFBB-D314-4009-9921-70D3D71523AF}.Debug|ARM.Build.0 = Debug|ARM
		{B192CFBB-D314-4009-9921-70D3D71523AF}.Debug|Mixed Platforms.ActiveCfg = Debug|Any CPU
		{B192CFBB-D314-4009-9921-70D3D71523AF}.Debug|Mixed Platforms.Build.0 = Debug|Any CPU
		{B192CFBB-D314-4009-9921-70D3D71523AF}.Debug|x86.ActiveCfg = Debug|x86
		{B192CFBB-D314-4009-9921-70D3D71523AF}.Debug|x86.Build.0 = Debug|x86
		{B192CFBB-D314-4009-9921-70D3D71523AF}.Release|Any CPU.ActiveCfg = Release|Any CPU
		{B192CFBB-D314-4009-9921-70D3D71523AF}.Release|Any CPU.Build.0 = Release|Any CPU
		{B192CFBB-D314-4009-9921-70D3D71523AF}.Release|ARM.ActiveCfg = Release|ARM
		{B192CFBB-D314-4009-9921-70D3D71523AF}.Release|ARM.Build.0 = Release|ARM
		{B192CFBB-D314-4009-9921-70D3D71523AF}.Release|Mixed Platforms.ActiveCfg = Release|x86
		{B192CFBB-D314-4009-9921-70D3D71523AF}.Release|Mixed Platforms.Build.0 = Release|x86
		{B192CFBB-D314-4009-9921-70D3D71523AF}.Release|x86.ActiveCfg = Release|x86
		{B192CFBB-D314-4009-9921-70D3D71523AF}.Release|x86.Build.0 = Release|x86
		{575C0D1E-8C42-4425-BDAE-CDADB8881428}.Debug|Any CPU.ActiveCfg = Debug|Any CPU
		{575C0D1E-8C42-4425-BDAE-CDADB8881428}.Debug|Any CPU.Build.0 = Debug|Any CPU
		{575C0D1E-8C42-4425-BDAE-CDADB8881428}.Debug|ARM.ActiveCfg = Debug|Any CPU
		{575C0D1E-8C42-4425-BDAE-CDADB8881428}.Debug|Mixed Platforms.ActiveCfg = Debug|Any CPU
		{575C0D1E-8C42-4425-BDAE-CDADB8881428}.Debug|Mixed Platforms.Build.0 = Debug|Any CPU
		{575C0D1E-8C42-4425-BDAE-CDADB8881428}.Debug|x86.ActiveCfg = Debug|Any CPU
		{575C0D1E-8C42-4425-BDAE-CDADB8881428}.Release|Any CPU.ActiveCfg = Release|Any CPU
		{575C0D1E-8C42-4425-BDAE-CDADB8881428}.Release|Any CPU.Build.0 = Release|Any CPU
		{575C0D1E-8C42-4425-BDAE-CDADB8881428}.Release|ARM.ActiveCfg = Release|Any CPU
		{575C0D1E-8C42-4425-BDAE-CDADB8881428}.Release|Mixed Platforms.ActiveCfg = Release|Any CPU
		{575C0D1E-8C42-4425-BDAE-CDADB8881428}.Release|Mixed Platforms.Build.0 = Release|Any CPU
		{575C0D1E-8C42-4425-BDAE-CDADB8881428}.Release|x86.ActiveCfg = Release|Any CPU
		{6F451302-A5F6-4D2D-B744-442D4AD41E7B}.Debug|Any CPU.ActiveCfg = Debug|x86
		{6F451302-A5F6-4D2D-B744-442D4AD41E7B}.Debug|Any CPU.Build.0 = Debug|x86
		{6F451302-A5F6-4D2D-B744-442D4AD41E7B}.Debug|Any CPU.Deploy.0 = Debug|x86
		{6F451302-A5F6-4D2D-B744-442D4AD41E7B}.Debug|ARM.ActiveCfg = Debug|ARM
		{6F451302-A5F6-4D2D-B744-442D4AD41E7B}.Debug|ARM.Build.0 = Debug|ARM
		{6F451302-A5F6-4D2D-B744-442D4AD41E7B}.Debug|ARM.Deploy.0 = Debug|ARM
		{6F451302-A5F6-4D2D-B744-442D4AD41E7B}.Debug|Mixed Platforms.ActiveCfg = Debug|ARM
		{6F451302-A5F6-4D2D-B744-442D4AD41E7B}.Debug|Mixed Platforms.Build.0 = Debug|ARM
		{6F451302-A5F6-4D2D-B744-442D4AD41E7B}.Debug|Mixed Platforms.Deploy.0 = Debug|ARM
		{6F451302-A5F6-4D2D-B744-442D4AD41E7B}.Debug|x86.ActiveCfg = Debug|x86
		{6F451302-A5F6-4D2D-B744-442D4AD41E7B}.Debug|x86.Build.0 = Debug|x86
		{6F451302-A5F6-4D2D-B744-442D4AD41E7B}.Debug|x86.Deploy.0 = Debug|x86
		{6F451302-A5F6-4D2D-B744-442D4AD41E7B}.Release|Any CPU.ActiveCfg = Release|x86
		{6F451302-A5F6-4D2D-B744-442D4AD41E7B}.Release|ARM.ActiveCfg = Release|ARM
		{6F451302-A5F6-4D2D-B744-442D4AD41E7B}.Release|ARM.Build.0 = Release|ARM
		{6F451302-A5F6-4D2D-B744-442D4AD41E7B}.Release|ARM.Deploy.0 = Release|ARM
		{6F451302-A5F6-4D2D-B744-442D4AD41E7B}.Release|Mixed Platforms.ActiveCfg = Release|x86
		{6F451302-A5F6-4D2D-B744-442D4AD41E7B}.Release|Mixed Platforms.Build.0 = Release|x86
		{6F451302-A5F6-4D2D-B744-442D4AD41E7B}.Release|Mixed Platforms.Deploy.0 = Release|x86
		{6F451302-A5F6-4D2D-B744-442D4AD41E7B}.Release|x86.ActiveCfg = Release|x86
		{6F451302-A5F6-4D2D-B744-442D4AD41E7B}.Release|x86.Build.0 = Release|x86
		{6F451302-A5F6-4D2D-B744-442D4AD41E7B}.Release|x86.Deploy.0 = Release|x86
		{A79176F5-8CAA-4137-94AC-FEA336E76C31}.Debug|Any CPU.ActiveCfg = Debug|Any CPU
		{A79176F5-8CAA-4137-94AC-FEA336E76C31}.Debug|Any CPU.Build.0 = Debug|Any CPU
		{A79176F5-8CAA-4137-94AC-FEA336E76C31}.Debug|Any CPU.Deploy.0 = Debug|Any CPU
		{A79176F5-8CAA-4137-94AC-FEA336E76C31}.Debug|ARM.ActiveCfg = Debug|ARM
		{A79176F5-8CAA-4137-94AC-FEA336E76C31}.Debug|ARM.Build.0 = Debug|ARM
		{A79176F5-8CAA-4137-94AC-FEA336E76C31}.Debug|ARM.Deploy.0 = Debug|ARM
		{A79176F5-8CAA-4137-94AC-FEA336E76C31}.Debug|Mixed Platforms.ActiveCfg = Debug|ARM
		{A79176F5-8CAA-4137-94AC-FEA336E76C31}.Debug|Mixed Platforms.Build.0 = Debug|ARM
		{A79176F5-8CAA-4137-94AC-FEA336E76C31}.Debug|Mixed Platforms.Deploy.0 = Debug|ARM
		{A79176F5-8CAA-4137-94AC-FEA336E76C31}.Debug|x86.ActiveCfg = Debug|x86
		{A79176F5-8CAA-4137-94AC-FEA336E76C31}.Debug|x86.Build.0 = Debug|x86
		{A79176F5-8CAA-4137-94AC-FEA336E76C31}.Debug|x86.Deploy.0 = Debug|x86
		{A79176F5-8CAA-4137-94AC-FEA336E76C31}.Release|Any CPU.ActiveCfg = Release|Any CPU
		{A79176F5-8CAA-4137-94AC-FEA336E76C31}.Release|Any CPU.Build.0 = Release|Any CPU
		{A79176F5-8CAA-4137-94AC-FEA336E76C31}.Release|Any CPU.Deploy.0 = Release|Any CPU
		{A79176F5-8CAA-4137-94AC-FEA336E76C31}.Release|ARM.ActiveCfg = Release|ARM
		{A79176F5-8CAA-4137-94AC-FEA336E76C31}.Release|ARM.Build.0 = Release|ARM
		{A79176F5-8CAA-4137-94AC-FEA336E76C31}.Release|ARM.Deploy.0 = Release|ARM
		{A79176F5-8CAA-4137-94AC-FEA336E76C31}.Release|Mixed Platforms.ActiveCfg = Release|x86
		{A79176F5-8CAA-4137-94AC-FEA336E76C31}.Release|Mixed Platforms.Build.0 = Release|x86
		{A79176F5-8CAA-4137-94AC-FEA336E76C31}.Release|Mixed Platforms.Deploy.0 = Release|x86
		{A79176F5-8CAA-4137-94AC-FEA336E76C31}.Release|x86.ActiveCfg = Release|x86
		{A79176F5-8CAA-4137-94AC-FEA336E76C31}.Release|x86.Build.0 = Release|x86
		{A79176F5-8CAA-4137-94AC-FEA336E76C31}.Release|x86.Deploy.0 = Release|x86
	EndGlobalSection
	GlobalSection(SolutionProperties) = preSolution
		HideSolutionNode = FALSE
	EndGlobalSection
EndGlobal
